
Microsoft Visual Studio Solution File, Format Version 12.00
# Visual Studio 2012
Project("{FAE04EC0-301F-11D3-BF4B-00C04F79EFBC}") = "Example", "Example\Example.csproj", "{482E57CF-AB64-4C26-BD40-FE8BBF6CB3CF}"
EndProject
Project("{FAE04EC0-301F-11D3-BF4B-00C04F79EFBC}") = "AcsTech.ChurchLife.RestClient", "AcsTech.ChurchLife.RestClient\AcsTech.ChurchLife.RestClient.csproj", "{3A34EDEB-9209-45DA-9932-007E123A0296}"
EndProject
Project("{2150E333-8FDC-42A3-9474-1A3956D46DE8}") = ".nuget", ".nuget", "{DD396F1E-C264-47B0-9F67-9D3FB72EE211}"
	ProjectSection(SolutionItems) = preProject
		.nuget\NuGet.Config = .nuget\NuGet.Config
		.nuget\NuGet.exe = .nuget\NuGet.exe
		.nuget\NuGet.targets = .nuget\NuGet.targets
	EndProjectSection
EndProject
Global
	GlobalSection(SolutionConfigurationPlatforms) = preSolution
		Debug|Any CPU = Debug|Any CPU
		Release|Any CPU = Release|Any CPU
	EndGlobalSection
	GlobalSection(ProjectConfigurationPlatforms) = postSolution
		{3A34EDEB-9209-45DA-9932-007E123A0296}.Debug|Any CPU.ActiveCfg = Debug|Any CPU
		{3A34EDEB-9209-45DA-9932-007E123A0296}.Debug|Any CPU.Build.0 = Debug|Any CPU
		{3A34EDEB-9209-45DA-9932-007E123A0296}.Release|Any CPU.ActiveCfg = Release|Any CPU
		{3A34EDEB-9209-45DA-9932-007E123A0296}.Release|Any CPU.Build.0 = Release|Any CPU
		{482E57CF-AB64-4C26-BD40-FE8BBF6CB3CF}.Debug|Any CPU.ActiveCfg = Debug|Any CPU
		{482E57CF-AB64-4C26-BD40-FE8BBF6CB3CF}.Debug|Any CPU.Build.0 = Debug|Any CPU
		{482E57CF-AB64-4C26-BD40-FE8BBF6CB3CF}.Release|Any CPU.ActiveCfg = Release|Any CPU
		{482E57CF-AB64-4C26-BD40-FE8BBF6CB3CF}.Release|Any CPU.Build.0 = Release|Any CPU
	EndGlobalSection
	GlobalSection(SolutionProperties) = preSolution
		HideSolutionNode = FALSE
	EndGlobalSection
EndGlobal
